
Microsoft Visual Studio Solution File, Format Version 12.00
# Visual Studio 2013
VisualStudioVersion = 12.0.31101.0
MinimumVisualStudioVersion = 10.0.40219.1
Project("{F184B08F-C81C-45F6-A57F-5ABD9991F28F}") = "MatTablica", "MatTablica\MatTablica.vbproj", "{F105E614-E288-432B-AA94-5F520E46717B}"
EndProject
Project("{F184B08F-C81C-45F6-A57F-5ABD9991F28F}") = "Podkreska", "..\Podkreska\Podkreska\Podkreska.vbproj", "{C23AB1EE-6E39-4C5A-9415-F4F5CE0BD63B}"
EndProject
Global
	GlobalSection(SolutionConfigurationPlatforms) = preSolution
		Debug|Any CPU = Debug|Any CPU
		Debug|Mixed Platforms = Debug|Mixed Platforms
		Debug|x86 = Debug|x86
		Release|Any CPU = Release|Any CPU
		Release|Mixed Platforms = Release|Mixed Platforms
		Release|x86 = Release|x86
	EndGlobalSection
	GlobalSection(ProjectConfigurationPlatforms) = postSolution
		{F105E614-E288-432B-AA94-5F520E46717B}.Debug|Any CPU.ActiveCfg = Debug|x86
		{F105E614-E288-432B-AA94-5F520E46717B}.Debug|Mixed Platforms.ActiveCfg = Debug|x86
		{F105E614-E288-432B-AA94-5F520E46717B}.Debug|Mixed Platforms.Build.0 = Debug|x86
		{F105E614-E288-432B-AA94-5F520E46717B}.Debug|x86.ActiveCfg = Debug|x86
		{F105E614-E288-432B-AA94-5F520E46717B}.Debug|x86.Build.0 = Debug|x86
		{F105E614-E288-432B-AA94-5F520E46717B}.Release|Any CPU.ActiveCfg = Release|x86
		{F105E614-E288-432B-AA94-5F520E46717B}.Release|Mixed Platforms.ActiveCfg = Release|x86
		{F105E614-E288-432B-AA94-5F520E46717B}.Release|Mixed Platforms.Build.0 = Release|x86
		{F105E614-E288-432B-AA94-5F520E46717B}.Release|x86.ActiveCfg = Release|x86
		{F105E614-E288-432B-AA94-5F520E46717B}.Release|x86.Build.0 = Release|x86
		{C23AB1EE-6E39-4C5A-9415-F4F5CE0BD63B}.Debug|Any CPU.ActiveCfg = Debug|x86
		{C23AB1EE-6E39-4C5A-9415-F4F5CE0BD63B}.Debug|Mixed Platforms.ActiveCfg = Debug|x86
		{C23AB1EE-6E39-4C5A-9415-F4F5CE0BD63B}.Debug|Mixed Platforms.Build.0 = Debug|x86
		{C23AB1EE-6E39-4C5A-9415-F4F5CE0BD63B}.Debug|x86.ActiveCfg = Debug|x86
		{C23AB1EE-6E39-4C5A-9415-F4F5CE0BD63B}.Debug|x86.Build.0 = Debug|x86
		{C23AB1EE-6E39-4C5A-9415-F4F5CE0BD63B}.Release|Any CPU.ActiveCfg = Release|x86
		{C23AB1EE-6E39-4C5A-9415-F4F5CE0BD63B}.Release|Mixed Platforms.ActiveCfg = Release|x86
		{C23AB1EE-6E39-4C5A-9415-F4F5CE0BD63B}.Release|Mixed Platforms.Build.0 = Release|x86
		{C23AB1EE-6E39-4C5A-9415-F4F5CE0BD63B}.Release|x86.ActiveCfg = Release|x86
		{C23AB1EE-6E39-4C5A-9415-F4F5CE0BD63B}.Release|x86.Build.0 = Release|x86
	EndGlobalSection
	GlobalSection(SolutionProperties) = preSolution
		HideSolutionNode = FALSE
	EndGlobalSection
	GlobalSection(TestCaseManagementSettings) = postSolution
		CategoryFile = MatTablica.vsmdi
	EndGlobalSection
EndGlobal
